
Microsoft Visual Studio Solution File, Format Version 12.00
# Visual Studio Version 16
VisualStudioVersion = 16.0.31129.286
MinimumVisualStudioVersion = 10.0.40219.1
Project("{FAE04EC0-301F-11D3-BF4B-00C04F79EFBC}") = "PopularityReduction", "PopularityReduction\PopularityReduction.csproj", "{AD07B613-09B9-4EB8-B7EB-31A7E6472394}"
EndProject
Global
	GlobalSection(SolutionConfigurationPlatforms) = preSolution
		Debug|Any CPU = Debug|Any CPU
		Release|Any CPU = Release|Any CPU
	EndGlobalSection
	GlobalSection(ProjectConfigurationPlatforms) = postSolution
		{AD07B613-09B9-4EB8-B7EB-31A7E6472394}.Debug|Any CPU.ActiveCfg = Debug|Any CPU
		{AD07B613-09B9-4EB8-B7EB-31A7E6472394}.Debug|Any CPU.Build.0 = Debug|Any CPU
		{AD07B613-09B9-4EB8-B7EB-31A7E6472394}.Release|Any CPU.ActiveCfg = Release|Any CPU
		{AD07B613-09B9-4EB8-B7EB-31A7E6472394}.Release|Any CPU.Build.0 = Release|Any CPU
	EndGlobalSection
	GlobalSection(SolutionProperties) = preSolution
		HideSolutionNode = FALSE
	EndGlobalSection
	GlobalSection(ExtensibilityGlobals) = postSolution
		SolutionGuid = {DAF17D54-1ACB-43E8-BF06-E3B12A4B4A6F}
	EndGlobalSection
EndGlobal
